
Microsoft Visual Studio Solution File, Format Version 12.00
# Visual Studio Version 16
VisualStudioVersion = 16.0.32630.194
MinimumVisualStudioVersion = 10.0.40219.1
Project("{FAE04EC0-301F-11D3-BF4B-00C04F79EFBC}") = "Annealing", "Annealing\Annealing.csproj", "{B4E717C8-C7C5-4E27-873C-217B562D19C1}"
EndProject
Global
	GlobalSection(SolutionConfigurationPlatforms) = preSolution
		Debug|Any CPU = Debug|Any CPU
		Release|Any CPU = Release|Any CPU
	EndGlobalSection
	GlobalSection(ProjectConfigurationPlatforms) = postSolution
		{B4E717C8-C7C5-4E27-873C-217B562D19C1}.Debug|Any CPU.ActiveCfg = Debug|Any CPU
		{B4E717C8-C7C5-4E27-873C-217B562D19C1}.Debug|Any CPU.Build.0 = Debug|Any CPU
		{B4E717C8-C7C5-4E27-873C-217B562D19C1}.Release|Any CPU.ActiveCfg = Release|Any CPU
		{B4E717C8-C7C5-4E27-873C-217B562D19C1}.Release|Any CPU.Build.0 = Release|Any CPU
	EndGlobalSection
	GlobalSection(SolutionProperties) = preSolution
		HideSolutionNode = FALSE
	EndGlobalSection
	GlobalSection(ExtensibilityGlobals) = postSolution
		SolutionGuid = {B04626D2-43CB-45F4-878E-AD1FB49183F5}
	EndGlobalSection
EndGlobal
